dependencies:
- name: cert-manager
  repository: https://charts.jetstack.io
  version: v0.13.1
- name: cert-manager-customizations
  repository: file://../cert-manager-customizations
  version: 1.0.0
- name: hello
  repository: file://../hello
  version: 1.0.0
- name: links
  repository: file://../links
  version: 1.0.0
- name: mongodb
  repository: file://../mongodb
  version: 1.0.0
- name: mongo-express
  repository: file://../mongo-express
  version: 1.0.0
- name: nginx-ingress
  repository: https://charts.helm.sh/stable
  version: 1.31.0
- name: prometheus-operator
  repository: https://charts.helm.sh/stable
  version: 8.16.1
- name: prometheus-blackbox-exporter
  repository: https://charts.helm.sh/stable
  version: 3.5.0
- name: prometheus-pushgateway
  repository: https://charts.helm.sh/stable
  version: 1.4.3
digest: sha256:37d4bc70db20dd532949f1ddffd8a52614e4053e17787ca6a151a8e6110cd691
generated: "2022-09-28T16:44:27.314481+03:00"
