dependencies:
- name: hello
  repository: file://../hello
  version: 1.0.0
- name: nginx-ingress
  repository: https://kubernetes-charts.storage.googleapis.com
  version: 1.31.0
digest: sha256:d12d7443a974f7b9f551054d26bc9ee3ce44ea498f7f1c22bfa14be1a1941402
generated: "2020-02-20T13:36:14.617007+02:00"
